
Microsoft Visual Studio Solution File, Format Version 12.00
# Visual Studio 15
VisualStudioVersion = 15.0.28307.271
MinimumVisualStudioVersion = 10.0.40219.1
Project("{FAE04EC0-301F-11D3-BF4B-00C04F79EFBC}") = "voting", "voting\voting.csproj", "{D9FF9CEA-F986-45F0-ACA8-12BB0CD9405A}"
EndProject
Global
	GlobalSection(SolutionConfigurationPlatforms) = preSolution
		Debug|Any CPU = Debug|Any CPU
		Release|Any CPU = Release|Any CPU
	EndGlobalSection
	GlobalSection(ProjectConfigurationPlatforms) = postSolution
		{D9FF9CEA-F986-45F0-ACA8-12BB0CD9405A}.Debug|Any CPU.ActiveCfg = Debug|Any CPU
		{D9FF9CEA-F986-45F0-ACA8-12BB0CD9405A}.Debug|Any CPU.Build.0 = Debug|Any CPU
		{D9FF9CEA-F986-45F0-ACA8-12BB0CD9405A}.Release|Any CPU.ActiveCfg = Release|Any CPU
		{D9FF9CEA-F986-45F0-ACA8-12BB0CD9405A}.Release|Any CPU.Build.0 = Release|Any CPU
	EndGlobalSection
	GlobalSection(SolutionProperties) = preSolution
		HideSolutionNode = FALSE
	EndGlobalSection
	GlobalSection(ExtensibilityGlobals) = postSolution
		SolutionGuid = {411515AE-3185-4C6F-A07C-B667EFE3FE3C}
	EndGlobalSection
EndGlobal
